lockfileVersion: '6.0'

settings:
  autoInstallPeers: true
  excludeLinksFromLockfile: false

devDependencies:
  '@testing-library/jest-dom':
    specifier: ^6.4.2
    version: 6.4.2
  '@testing-library/react':
    specifier: ^14.2.1
    version: 14.2.1(react-dom@18.2.0)(react@18.2.0)
  '@testing-library/user-event':
    specifier: ^14.5.2
    version: 14.5.2(@testing-library/dom@9.3.4)
  '@types/react':
    specifier: ^18.2.60
    version: 18.2.60
  esbuild:
    specifier: ^0.20.1
    version: 0.20.1
  react:
    specifier: ^18.2.0
    version: 18.2.0
  react-dom:
    specifier: ^18.2.0
    version: 18.2.0(react@18.2.0)
  rollup:
    specifier: ^4.12.0
    version: 4.12.0
  rollup-plugin-dts:
    specifier: ^6.1.0
    version: 6.1.0(rollup@4.12.0)(typescript@5.3.3)
  rollup-plugin-esbuild:
    specifier: ^6.1.1
    version: 6.1.1(esbuild@0.20.1)(rollup@4.12.0)
  typescript:
    specifier: ^5.3.3
    version: 5.3.3

packages:

  /@adobe/css-tools@4.3.3:
    resolution: {integrity: sha512-rE0Pygv0sEZ4vBWHlAgJLGDU7Pm8xoO6p3wsEceb7GYAjScrOHpEo8KK/eVkAcnSM+slAEtXjA2JpdjLp4fJQQ==}
    dev: true

  /@babel/code-frame@7.23.5:
    resolution: {integrity: sha512-CgH3s1a96LipHCmSUmYFPwY7MNx8C3avkq7i4Wl3cfa662ldtUe4VM1TPXX70pfmrlWTb6jLqTYrZyT2ZTJBgA==}
    engines: {node: '>=6.9.0'}
    requiresBuild: true
    dependencies:
      '@babel/highlight': 7.23.4
      chalk: 2.4.2
    dev: true

  /@babel/helper-validator-identifier@7.22.20:
    resolution: {integrity: sha512-Y4OZ+ytlatR8AI+8KZfKuL5urKp7qey08ha31L8b3BwewJAoJamTzyvxPR/5D+KkdJCGPq/+8TukHBlY10FX9A==}
    engines: {node: '>=6.9.0'}
    requiresBuild: true
    dev: true

  /@babel/highlight@7.23.4:
    resolution: {integrity: sha512-acGdbYSfp2WheJoJm/EBBBLh/ID8KDc64ISZ9DYtBmC8/Q204PZJLHyzeB5qMzJ5trcOkybd78M4x2KWsUq++A==}
    engines: {node: '>=6.9.0'}
    requiresBuild: true
    dependencies:
      '@babel/helper-validator-identifier': 7.22.20
      chalk: 2.4.2
      js-tokens: 4.0.0
    dev: true

  /@babel/runtime@7.24.0:
    resolution: {integrity: sha512-Chk32uHMg6TnQdvw2e9IlqPpFX/6NLuK0Ys2PqLb7/gL5uFn9mXvK715FGLlOLQrcO4qIkNHkvPGktzzXexsFw==}
    engines: {node: '>=6.9.0'}
    dependencies:
      regenerator-runtime: 0.14.1
    dev: true

  /@esbuild/aix-ppc64@0.20.1:
    resolution: {integrity: sha512-m55cpeupQ2DbuRGQMMZDzbv9J9PgVelPjlcmM5kxHnrBdBx6REaEd7LamYV7Dm8N7rCyR/XwU6rVP8ploKtIkA==}
    engines: {node: '>=12'}
    cpu: [ppc64]
    os: [aix]
    requiresBuild: true
    dev: true
    optional: true

  /@esbuild/android-arm64@0.20.1:
    resolution: {integrity: sha512-hCnXNF0HM6AjowP+Zou0ZJMWWa1VkD77BXe959zERgGJBBxB+sV+J9f/rcjeg2c5bsukD/n17RKWXGFCO5dD5A==}
    engines: {node: '>=12'}
    cpu: [arm64]
    os: [android]
    requiresBuild: true
    dev: true
    optional: true

  /@esbuild/android-arm@0.20.1:
    resolution: {integrity: sha512-4j0+G27/2ZXGWR5okcJi7pQYhmkVgb4D7UKwxcqrjhvp5TKWx3cUjgB1CGj1mfdmJBQ9VnUGgUhign+FPF2Zgw==}
    engines: {node: '>=12'}
    cpu: [arm]
    os: [android]
    requiresBuild: true
    dev: true
    optional: true

  /@esbuild/android-x64@0.20.1:
    resolution: {integrity: sha512-MSfZMBoAsnhpS+2yMFYIQUPs8Z19ajwfuaSZx+tSl09xrHZCjbeXXMsUF/0oq7ojxYEpsSo4c0SfjxOYXRbpaA==}
    engines: {node: '>=12'}
    cpu: [x64]
    os: [android]
    requiresBuild: true
    dev: true
    optional: true

  /@esbuild/darwin-arm64@0.20.1:
    resolution: {integrity: sha512-Ylk6rzgMD8klUklGPzS414UQLa5NPXZD5tf8JmQU8GQrj6BrFA/Ic9tb2zRe1kOZyCbGl+e8VMbDRazCEBqPvA==}
    engines: {node: '>=12'}
    cpu: [arm64]
    os: [darwin]
    requiresBuild: true
    dev: true
    optional: true

  /@esbuild/darwin-x64@0.20.1:
    resolution: {integrity: sha512-pFIfj7U2w5sMp52wTY1XVOdoxw+GDwy9FsK3OFz4BpMAjvZVs0dT1VXs8aQm22nhwoIWUmIRaE+4xow8xfIDZA==}
    engines: {node: '>=12'}
    cpu: [x64]
    os: [darwin]
    requiresBuild: true
    dev: true
    optional: true

  /@esbuild/freebsd-arm64@0.20.1:
    resolution: {integrity: sha512-UyW1WZvHDuM4xDz0jWun4qtQFauNdXjXOtIy7SYdf7pbxSWWVlqhnR/T2TpX6LX5NI62spt0a3ldIIEkPM6RHw==}
    engines: {node: '>=12'}
    cpu: [arm64]
    os: [freebsd]
    requiresBuild: true
    dev: true
    optional: true

  /@esbuild/freebsd-x64@0.20.1:
    resolution: {integrity: sha512-itPwCw5C+Jh/c624vcDd9kRCCZVpzpQn8dtwoYIt2TJF3S9xJLiRohnnNrKwREvcZYx0n8sCSbvGH349XkcQeg==}
    engines: {node: '>=12'}
    cpu: [x64]
    os: [freebsd]
    requiresBuild: true
    dev: true
    optional: true

  /@esbuild/linux-arm64@0.20.1:
    resolution: {integrity: sha512-cX8WdlF6Cnvw/DO9/X7XLH2J6CkBnz7Twjpk56cshk9sjYVcuh4sXQBy5bmTwzBjNVZze2yaV1vtcJS04LbN8w==}
    engines: {node: '>=12'}
    cpu: [arm64]
    os: [linux]
    requiresBuild: true
    dev: true
    optional: true

  /@esbuild/linux-arm@0.20.1:
    resolution: {integrity: sha512-LojC28v3+IhIbfQ+Vu4Ut5n3wKcgTu6POKIHN9Wpt0HnfgUGlBuyDDQR4jWZUZFyYLiz4RBBBmfU6sNfn6RhLw==}
    engines: {node: '>=12'}
    cpu: [arm]
    os: [linux]
    requiresBuild: true
    dev: true
    optional: true

  /@esbuild/linux-ia32@0.20.1:
    resolution: {integrity: sha512-4H/sQCy1mnnGkUt/xszaLlYJVTz3W9ep52xEefGtd6yXDQbz/5fZE5dFLUgsPdbUOQANcVUa5iO6g3nyy5BJiw==}
    engines: {node: '>=12'}
    cpu: [ia32]
    os: [linux]
    requiresBuild: true
    dev: true
    optional: true

  /@esbuild/linux-loong64@0.20.1:
    resolution: {integrity: sha512-c0jgtB+sRHCciVXlyjDcWb2FUuzlGVRwGXgI+3WqKOIuoo8AmZAddzeOHeYLtD+dmtHw3B4Xo9wAUdjlfW5yYA==}
    engines: {node: '>=12'}
    cpu: [loong64]
    os: [linux]
    requiresBuild: true
    dev: true
    optional: true

  /@esbuild/linux-mips64el@0.20.1:
    resolution: {integrity: sha512-TgFyCfIxSujyuqdZKDZ3yTwWiGv+KnlOeXXitCQ+trDODJ+ZtGOzLkSWngynP0HZnTsDyBbPy7GWVXWaEl6lhA==}
    engines: {node: '>=12'}
    cpu: [mips64el]
    os: [linux]
    requiresBuild: true
    dev: true
    optional: true

  /@esbuild/linux-ppc64@0.20.1:
    resolution: {integrity: sha512-b+yuD1IUeL+Y93PmFZDZFIElwbmFfIKLKlYI8M6tRyzE6u7oEP7onGk0vZRh8wfVGC2dZoy0EqX1V8qok4qHaw==}
    engines: {node: '>=12'}
    cpu: [ppc64]
    os: [linux]
    requiresBuild: true
    dev: true
    optional: true

  /@esbuild/linux-riscv64@0.20.1:
    resolution: {integrity: sha512-wpDlpE0oRKZwX+GfomcALcouqjjV8MIX8DyTrxfyCfXxoKQSDm45CZr9fanJ4F6ckD4yDEPT98SrjvLwIqUCgg==}
    engines: {node: '>=12'}
    cpu: [riscv64]
    os: [linux]
    requiresBuild: true
    dev: true
    optional: true

  /@esbuild/linux-s390x@0.20.1:
    resolution: {integrity: sha512-5BepC2Au80EohQ2dBpyTquqGCES7++p7G+7lXe1bAIvMdXm4YYcEfZtQrP4gaoZ96Wv1Ute61CEHFU7h4FMueQ==}
    engines: {node: '>=12'}
    cpu: [s390x]
    os: [linux]
    requiresBuild: true
    dev: true
    optional: true

  /@esbuild/linux-x64@0.20.1:
    resolution: {integrity: sha512-5gRPk7pKuaIB+tmH+yKd2aQTRpqlf1E4f/mC+tawIm/CGJemZcHZpp2ic8oD83nKgUPMEd0fNanrnFljiruuyA==}
    engines: {node: '>=12'}
    cpu: [x64]
    os: [linux]
    requiresBuild: true
    dev: true
    optional: true

  /@esbuild/netbsd-x64@0.20.1:
    resolution: {integrity: sha512-4fL68JdrLV2nVW2AaWZBv3XEm3Ae3NZn/7qy2KGAt3dexAgSVT+Hc97JKSZnqezgMlv9x6KV0ZkZY7UO5cNLCg==}
    engines: {node: '>=12'}
    cpu: [x64]
    os: [netbsd]
    requiresBuild: true
    dev: true
    optional: true

  /@esbuild/openbsd-x64@0.20.1:
    resolution: {integrity: sha512-GhRuXlvRE+twf2ES+8REbeCb/zeikNqwD3+6S5y5/x+DYbAQUNl0HNBs4RQJqrechS4v4MruEr8ZtAin/hK5iw==}
    engines: {node: '>=12'}
    cpu: [x64]
    os: [openbsd]
    requiresBuild: true
    dev: true
    optional: true

  /@esbuild/sunos-x64@0.20.1:
    resolution: {integrity: sha512-ZnWEyCM0G1Ex6JtsygvC3KUUrlDXqOihw8RicRuQAzw+c4f1D66YlPNNV3rkjVW90zXVsHwZYWbJh3v+oQFM9Q==}
    engines: {node: '>=12'}
    cpu: [x64]
    os: [sunos]
    requiresBuild: true
    dev: true
    optional: true

  /@esbuild/win32-arm64@0.20.1:
    resolution: {integrity: sha512-QZ6gXue0vVQY2Oon9WyLFCdSuYbXSoxaZrPuJ4c20j6ICedfsDilNPYfHLlMH7vGfU5DQR0czHLmJvH4Nzis/A==}
    engines: {node: '>=12'}
    cpu: [arm64]
    os: [win32]
    requiresBuild: true
    dev: true
    optional: true

  /@esbuild/win32-ia32@0.20.1:
    resolution: {integrity: sha512-HzcJa1NcSWTAU0MJIxOho8JftNp9YALui3o+Ny7hCh0v5f90nprly1U3Sj1Ldj/CvKKdvvFsCRvDkpsEMp4DNw==}
    engines: {node: '>=12'}
    cpu: [ia32]
    os: [win32]
    requiresBuild: true
    dev: true
    optional: true

  /@esbuild/win32-x64@0.20.1:
    resolution: {integrity: sha512-0MBh53o6XtI6ctDnRMeQ+xoCN8kD2qI1rY1KgF/xdWQwoFeKou7puvDfV8/Wv4Ctx2rRpET/gGdz3YlNtNACSA==}
    engines: {node: '>=12'}
    cpu: [x64]
    os: [win32]
    requiresBuild: true
    dev: true
    optional: true

  /@jridgewell/sourcemap-codec@1.4.15:
    resolution: {integrity: sha512-eF2rxCRulEKXHTRiDrDy6erMYWqNw4LPdQ8UQA4huuxaQsVeRPFl2oM8oDGxMFhJUWZf9McpLtJasDDZb/Bpeg==}
    dev: true

  /@rollup/pluginutils@5.1.0(rollup@4.12.0):
    resolution: {integrity: sha512-XTIWOPPcpvyKI6L1NHo0lFlCyznUEyPmPY1mc3KpPVDYulHSTvyeLNVW00QTLIAFNhR3kYnJTQHeGqU4M3n09g==}
    engines: {node: '>=14.0.0'}
    peerDependencies:
      rollup: ^1.20.0||^2.0.0||^3.0.0||^4.0.0
    peerDependenciesMeta:
      rollup:
        optional: true
    dependencies:
      '@types/estree': 1.0.5
      estree-walker: 2.0.2
      picomatch: 2.3.1
      rollup: 4.12.0
    dev: true

  /@rollup/rollup-android-arm-eabi@4.12.0:
    resolution: {integrity: sha512-+ac02NL/2TCKRrJu2wffk1kZ+RyqxVUlbjSagNgPm94frxtr+XDL12E5Ll1enWskLrtrZ2r8L3wED1orIibV/w==}
    cpu: [arm]
    os: [android]
    requiresBuild: true
    dev: true
    optional: true

  /@rollup/rollup-android-arm64@4.12.0:
    resolution: {integrity: sha512-OBqcX2BMe6nvjQ0Nyp7cC90cnumt8PXmO7Dp3gfAju/6YwG0Tj74z1vKrfRz7qAv23nBcYM8BCbhrsWqO7PzQQ==}
    cpu: [arm64]
    os: [android]
    requiresBuild: true
    dev: true
    optional: true

  /@rollup/rollup-darwin-arm64@4.12.0:
    resolution: {integrity: sha512-X64tZd8dRE/QTrBIEs63kaOBG0b5GVEd3ccoLtyf6IdXtHdh8h+I56C2yC3PtC9Ucnv0CpNFJLqKFVgCYe0lOQ==}
    cpu: [arm64]
    os: [darwin]
    requiresBuild: true
    dev: true
    optional: true

  /@rollup/rollup-darwin-x64@4.12.0:
    resolution: {integrity: sha512-cc71KUZoVbUJmGP2cOuiZ9HSOP14AzBAThn3OU+9LcA1+IUqswJyR1cAJj3Mg55HbjZP6OLAIscbQsQLrpgTOg==}
    cpu: [x64]
    os: [darwin]
    requiresBuild: true
    dev: true
    optional: true

  /@rollup/rollup-linux-arm-gnueabihf@4.12.0:
    resolution: {integrity: sha512-a6w/Y3hyyO6GlpKL2xJ4IOh/7d+APaqLYdMf86xnczU3nurFTaVN9s9jOXQg97BE4nYm/7Ga51rjec5nfRdrvA==}
    cpu: [arm]
    os: [linux]
    requiresBuild: true
    dev: true
    optional: true

  /@rollup/rollup-linux-arm64-gnu@4.12.0:
    resolution: {integrity: sha512-0fZBq27b+D7Ar5CQMofVN8sggOVhEtzFUwOwPppQt0k+VR+7UHMZZY4y+64WJ06XOhBTKXtQB/Sv0NwQMXyNAA==}
    cpu: [arm64]
    os: [linux]
    requiresBuild: true
    dev: true
    optional: true

  /@rollup/rollup-linux-arm64-musl@4.12.0:
    resolution: {integrity: sha512-eTvzUS3hhhlgeAv6bfigekzWZjaEX9xP9HhxB0Dvrdbkk5w/b+1Sxct2ZuDxNJKzsRStSq1EaEkVSEe7A7ipgQ==}
    cpu: [arm64]
    os: [linux]
    requiresBuild: true
    dev: true
    optional: true

  /@rollup/rollup-linux-riscv64-gnu@4.12.0:
    resolution: {integrity: sha512-ix+qAB9qmrCRiaO71VFfY8rkiAZJL8zQRXveS27HS+pKdjwUfEhqo2+YF2oI+H/22Xsiski+qqwIBxVewLK7sw==}
    cpu: [riscv64]
    os: [linux]
    requiresBuild: true
    dev: true
    optional: true

  /@rollup/rollup-linux-x64-gnu@4.12.0:
    resolution: {integrity: sha512-TenQhZVOtw/3qKOPa7d+QgkeM6xY0LtwzR8OplmyL5LrgTWIXpTQg2Q2ycBf8jm+SFW2Wt/DTn1gf7nFp3ssVA==}
    cpu: [x64]
    os: [linux]
    requiresBuild: true
    dev: true
    optional: true

  /@rollup/rollup-linux-x64-musl@4.12.0:
    resolution: {integrity: sha512-LfFdRhNnW0zdMvdCb5FNuWlls2WbbSridJvxOvYWgSBOYZtgBfW9UGNJG//rwMqTX1xQE9BAodvMH9tAusKDUw==}
    cpu: [x64]
    os: [linux]
    requiresBuild: true
    dev: true
    optional: true

  /@rollup/rollup-win32-arm64-msvc@4.12.0:
    resolution: {integrity: sha512-JPDxovheWNp6d7AHCgsUlkuCKvtu3RB55iNEkaQcf0ttsDU/JZF+iQnYcQJSk/7PtT4mjjVG8N1kpwnI9SLYaw==}
    cpu: [arm64]
    os: [win32]
    requiresBuild: true
    dev: true
    optional: true

  /@rollup/rollup-win32-ia32-msvc@4.12.0:
    resolution: {integrity: sha512-fjtuvMWRGJn1oZacG8IPnzIV6GF2/XG+h71FKn76OYFqySXInJtseAqdprVTDTyqPxQOG9Exak5/E9Z3+EJ8ZA==}
    cpu: [ia32]
    os: [win32]
    requiresBuild: true
    dev: true
    optional: true

  /@rollup/rollup-win32-x64-msvc@4.12.0:
    resolution: {integrity: sha512-ZYmr5mS2wd4Dew/JjT0Fqi2NPB/ZhZ2VvPp7SmvPZb4Y1CG/LRcS6tcRo2cYU7zLK5A7cdbhWnnWmUjoI4qapg==}
    cpu: [x64]
    os: [win32]
    requiresBuild: true
    dev: true
    optional: true

  /@testing-library/dom@9.3.4:
    resolution: {integrity: sha512-FlS4ZWlp97iiNWig0Muq8p+3rVDjRiYE+YKGbAqXOu9nwJFFOdL00kFpz42M+4huzYi86vAK1sOOfyOG45muIQ==}
    engines: {node: '>=14'}
    dependencies:
      '@babel/code-frame': 7.23.5
      '@babel/runtime': 7.24.0
      '@types/aria-query': 5.0.4
      aria-query: 5.1.3
      chalk: 4.1.2
      dom-accessibility-api: 0.5.16
      lz-string: 1.5.0
      pretty-format: 27.5.1
    dev: true

  /@testing-library/jest-dom@6.4.2:
    resolution: {integrity: sha512-CzqH0AFymEMG48CpzXFriYYkOjk6ZGPCLMhW9e9jg3KMCn5OfJecF8GtGW7yGfR/IgCe3SX8BSwjdzI6BBbZLw==}
    engines: {node: '>=14', npm: '>=6', yarn: '>=1'}
    peerDependencies:
      '@jest/globals': '>= 28'
      '@types/bun': latest
      '@types/jest': '>= 28'
      jest: '>= 28'
      vitest: '>= 0.32'
    peerDependenciesMeta:
      '@jest/globals':
        optional: true
      '@types/bun':
        optional: true
      '@types/jest':
        optional: true
      jest:
        optional: true
      vitest:
        optional: true
    dependencies:
      '@adobe/css-tools': 4.3.3
      '@babel/runtime': 7.24.0
      aria-query: 5.3.0
      chalk: 3.0.0
      css.escape: 1.5.1
      dom-accessibility-api: 0.6.3
      lodash: 4.17.21
      redent: 3.0.0
    dev: true

  /@testing-library/react@14.2.1(react-dom@18.2.0)(react@18.2.0):
    resolution: {integrity: sha512-sGdjws32ai5TLerhvzThYFbpnF9XtL65Cjf+gB0Dhr29BGqK+mAeN7SURSdu+eqgET4ANcWoC7FQpkaiGvBr+A==}
    engines: {node: '>=14'}
    peerDependencies:
      react: ^18.0.0
      react-dom: ^18.0.0
    dependencies:
      '@babel/runtime': 7.24.0
      '@testing-library/dom': 9.3.4
      '@types/react-dom': 18.2.19
      react: 18.2.0
      react-dom: 18.2.0(react@18.2.0)
    dev: true

  /@testing-library/user-event@14.5.2(@testing-library/dom@9.3.4):
    resolution: {integrity: sha512-YAh82Wh4TIrxYLmfGcixwD18oIjyC1pFQC2Y01F2lzV2HTMiYrI0nze0FD0ocB//CKS/7jIUgae+adPqxK5yCQ==}
    engines: {node: '>=12', npm: '>=6'}
    peerDependencies:
      '@testing-library/dom': '>=7.21.4'
    dependencies:
      '@testing-library/dom': 9.3.4
    dev: true

  /@types/aria-query@5.0.4:
    resolution: {integrity: sha512-rfT93uj5s0PRL7EzccGMs3brplhcrghnDoV26NqKhCAS1hVo+WdNsPvE/yb6ilfr5hi2MEk6d5EWJTKdxg8jVw==}
    dev: true

  /@types/estree@1.0.5:
    resolution: {integrity: sha512-/kYRxGDLWzHOB7q+wtSUQlFrtcdUccpfy+X+9iMBpHK8QLLhx2wIPYuS5DYtR9Wa/YlZAbIovy7qVdB1Aq6Lyw==}
    dev: true

  /@types/prop-types@15.7.11:
    resolution: {integrity: sha512-ga8y9v9uyeiLdpKddhxYQkxNDrfvuPrlFb0N1qnZZByvcElJaXthF1UhvCh9TLWJBEHeNtdnbysW7Y6Uq8CVng==}
    dev: true

  /@types/react-dom@18.2.19:
    resolution: {integrity: sha512-aZvQL6uUbIJpjZk4U8JZGbau9KDeAwMfmhyWorxgBkqDIEf6ROjRozcmPIicqsUwPUjbkDfHKgGee1Lq65APcA==}
    dependencies:
      '@types/react': 18.2.60
    dev: true

  /@types/react@18.2.60:
    resolution: {integrity: sha512-dfiPj9+k20jJrLGOu9Nf6eqxm2EyJRrq2NvwOFsfbb7sFExZ9WELPs67UImHj3Ayxg8ruTtKtNnbjaF8olPq0A==}
    dependencies:
      '@types/prop-types': 15.7.11
      '@types/scheduler': 0.16.8
      csstype: 3.1.3
    dev: true

  /@types/scheduler@0.16.8:
    resolution: {integrity: sha512-WZLiwShhwLRmeV6zH+GkbOFT6Z6VklCItrDioxUnv+u4Ll+8vKeFySoFyK/0ctcRpOmwAicELfmys1sDc/Rw+A==}
    dev: true

  /ansi-regex@5.0.1:
    resolution: {integrity: sha512-quJQXlTSUGL2LH9SUXo8VwsY4soanhgo6LNSm84E1LBcE8s3O0wpdiRzyR9z/ZZJMlMWv37qOOb9pdJlMUEKFQ==}
    engines: {node: '>=8'}
    dev: true

  /ansi-styles@3.2.1:
    resolution: {integrity: sha512-VT0ZI6kZRdTh8YyJw3SMbYm/u+NqfsAxEpWO0Pf9sq8/e94WxxOpPKx9FR1FlyCtOVDNOQ+8ntlqFxiRc+r5qA==}
    engines: {node: '>=4'}
    requiresBuild: true
    dependencies:
      color-convert: 1.9.3
    dev: true

  /ansi-styles@4.3.0:
    resolution: {integrity: sha512-zbB9rCJAT1rbjiVDb2hqKFHNYLxgtk8NURxZ3IZwD3F6NtxbXZQCnnSi1Lkx+IDohdPlFp222wVALIheZJQSEg==}
    engines: {node: '>=8'}
    dependencies:
      color-convert: 2.0.1
    dev: true

  /ansi-styles@5.2.0:
    resolution: {integrity: sha512-Cxwpt2SfTzTtXcfOlzGEee8O+c+MmUgGrNiBcXnuWxuFJHe6a5Hz7qwhwe5OgaSYI0IJvkLqWX1ASG+cJOkEiA==}
    engines: {node: '>=10'}
    dev: true

  /aria-query@5.1.3:
    resolution: {integrity: sha512-R5iJ5lkuHybztUfuOAznmboyjWq8O6sqNqtK7CLOqdydi54VNbORp49mb14KbWgG1QD3JFO9hJdZ+y4KutfdOQ==}
    dependencies:
      deep-equal: 2.2.3
    dev: true

  /aria-query@5.3.0:
    resolution: {integrity: sha512-b0P0sZPKtyu8HkeRAfCq0IfURZK+SuwMjY1UXGBU27wpAiTwQAIlq56IbIO+ytk/JjS1fMR14ee5WBBfKi5J6A==}
    dependencies:
      dequal: 2.0.3
    dev: true

  /array-buffer-byte-length@1.0.1:
    resolution: {integrity: sha512-ahC5W1xgou+KTXix4sAO8Ki12Q+jf4i0+tmk3sC+zgcynshkHxzpXdImBehiUYKKKDwvfFiJl1tZt6ewscS1Mg==}
    engines: {node: '>= 0.4'}
    dependencies:
      call-bind: 1.0.7
      is-array-buffer: 3.0.4
    dev: true

  /available-typed-arrays@1.0.7:
    resolution: {integrity: sha512-wvUjBtSGN7+7SjNpq/9M2Tg350UZD3q62IFZLbRAR1bSMlCo1ZaeW+BJ+D090e4hIIZLBcTDWe4Mh4jvUDajzQ==}
    engines: {node: '>= 0.4'}
    dependencies:
      possible-typed-array-names: 1.0.0
    dev: true

  /call-bind@1.0.7:
    resolution: {integrity: sha512-GHTSNSYICQ7scH7sZ+M2rFopRoLh8t2bLSW6BbgrtLsahOIB5iyAVJf9GjWK3cYTDaMj4XdBpM1cA6pIS0Kv2w==}
    engines: {node: '>= 0.4'}
    dependencies:
      es-define-property: 1.0.0
      es-errors: 1.3.0
      function-bind: 1.1.2
      get-intrinsic: 1.2.4
      set-function-length: 1.2.1
    dev: true

  /chalk@2.4.2:
    resolution: {integrity: sha512-Mti+f9lpJNcwF4tWV8/OrTTtF1gZi+f8FqlyAdouralcFWFQWF2+NgCHShjkCb+IFBLq9buZwE1xckQU4peSuQ==}
    engines: {node: '>=4'}
    requiresBuild: true
    dependencies:
      ansi-styles: 3.2.1
      escape-string-regexp: 1.0.5
      supports-color: 5.5.0
    dev: true

  /chalk@3.0.0:
    resolution: {integrity: sha512-4D3B6Wf41KOYRFdszmDqMCGq5VV/uMAB273JILmO+3jAlh8X4qDtdtgCR3fxtbLEMzSx22QdhnDcJvu2u1fVwg==}
    engines: {node: '>=8'}
    dependencies:
      ansi-styles: 4.3.0
      supports-color: 7.2.0
    dev: true

  /chalk@4.1.2:
    resolution: {integrity: sha512-oKnbhFyRIXpUuez8iBMmyEa4nbj4IOQyuhc/wy9kY7/WVPcwIO9VA668Pu8RkO7+0G76SLROeyw9CpQ061i4mA==}
    engines: {node: '>=10'}
    dependencies:
      ansi-styles: 4.3.0
      supports-color: 7.2.0
    dev: true

  /color-convert@1.9.3:
    resolution: {integrity: sha512-QfAUtd+vFdAtFQcC8CCyYt1fYWxSqAiK2cSD6zDB8N3cpsEBAvRxp9zOGg6G/SHHJYAT88/az/IuDGALsNVbGg==}
    requiresBuild: true
    dependencies:
      color-name: 1.1.3
    dev: true

  /color-convert@2.0.1:
    resolution: {integrity: sha512-RRECPsj7iu/xb5oKYcsFHSppFNnsj/52OVTRKb4zP5onXwVF3zVmmToNcOfGC+CRDpfK/U584fMg38ZHCaElKQ==}
    engines: {node: '>=7.0.0'}
    dependencies:
      color-name: 1.1.4
    dev: true

  /color-name@1.1.3:
    resolution: {integrity: sha512-72fSenhMw2HZMTVHeCA9KCmpEIbzWiQsjN+BHcBbS9vr1mtt+vJjPdksIBNUmKAW8TFUDPJK5SUU3QhE9NEXDw==}
    requiresBuild: true
    dev: true

  /color-name@1.1.4:
    resolution: {integrity: sha512-dOy+3AuW3a2wNbZHIuMZpTcgjGuLU/uBL/ubcZF9OXbDo8ff4O8yVp5Bf0efS8uEoYo5q4Fx7dY9OgQGXgAsQA==}
    dev: true

  /css.escape@1.5.1:
    resolution: {integrity: sha512-YUifsXXuknHlUsmlgyY0PKzgPOr7/FjCePfHNt0jxm83wHZi44VDMQ7/fGNkjY3/jV1MC+1CmZbaHzugyeRtpg==}
    dev: true

  /csstype@3.1.3:
    resolution: {integrity: sha512-M1uQkMl8rQK/szD0LNhtqxIPLpimGm8sOBwU7lLnCpSbTyY3yeU1Vc7l4KT5zT4s/yOxHH5O7tIuuLOCnLADRw==}
    dev: true

  /debug@4.3.4:
    resolution: {integrity: sha512-PRWFHuSU3eDtQJPvnNY7Jcket1j0t5OuOsFzPPzsekD52Zl8qUfFIPEiswXqIvHWGVHOgX+7G/vCNNhehwxfkQ==}
    engines: {node: '>=6.0'}
    peerDependencies:
      supports-color: '*'
    peerDependenciesMeta:
      supports-color:
        optional: true
    dependencies:
      ms: 2.1.2
    dev: true

  /deep-equal@2.2.3:
    resolution: {integrity: sha512-ZIwpnevOurS8bpT4192sqAowWM76JDKSHYzMLty3BZGSswgq6pBaH3DhCSW5xVAZICZyKdOBPjwww5wfgT/6PA==}
    engines: {node: '>= 0.4'}
    dependencies:
      array-buffer-byte-length: 1.0.1
      call-bind: 1.0.7
      es-get-iterator: 1.1.3
      get-intrinsic: 1.2.4
      is-arguments: 1.1.1
      is-array-buffer: 3.0.4
      is-date-object: 1.0.5
      is-regex: 1.1.4
      is-shared-array-buffer: 1.0.3
      isarray: 2.0.5
      object-is: 1.1.6
      object-keys: 1.1.1
      object.assign: 4.1.5
      regexp.prototype.flags: 1.5.2
      side-channel: 1.0.5
      which-boxed-primitive: 1.0.2
      which-collection: 1.0.1
      which-typed-array: 1.1.14
    dev: true

  /define-data-property@1.1.4:
    resolution: {integrity: sha512-rBMvIzlpA8v6E+SJZoo++HAYqsLrkg7MSfIinMPFhmkorw7X+dOXVJQs+QT69zGkzMyfDnIMN2Wid1+NbL3T+A==}
    engines: {node: '>= 0.4'}
    dependencies:
      es-define-property: 1.0.0
      es-errors: 1.3.0
      gopd: 1.0.1
    dev: true

  /define-properties@1.2.1:
    resolution: {integrity: sha512-8QmQKqEASLd5nx0U1B1okLElbUuuttJ/AnYmRXbbbGDWh6uS208EjD4Xqq/I9wK7u0v6O08XhTWnt5XtEbR6Dg==}
    engines: {node: '>= 0.4'}
    dependencies:
      define-data-property: 1.1.4
      has-property-descriptors: 1.0.2
      object-keys: 1.1.1
    dev: true

  /dequal@2.0.3:
    resolution: {integrity: sha512-0je+qPKHEMohvfRTCEo3CrPG6cAzAYgmzKyxRiYSSDkS6eGJdyVJm7WaYA5ECaAD9wLB2T4EEeymA5aFVcYXCA==}
    engines: {node: '>=6'}
    dev: true

  /dom-accessibility-api@0.5.16:
    resolution: {integrity: sha512-X7BJ2yElsnOJ30pZF4uIIDfBEVgF4XEBxL9Bxhy6dnrm5hkzqmsWHGTiHqRiITNhMyFLyAiWndIJP7Z1NTteDg==}
    dev: true

  /dom-accessibility-api@0.6.3:
    resolution: {integrity: sha512-7ZgogeTnjuHbo+ct10G9Ffp0mif17idi0IyWNVA/wcwcm7NPOD/WEHVP3n7n3MhXqxoIYm8d6MuZohYWIZ4T3w==}
    dev: true

  /es-define-property@1.0.0:
    resolution: {integrity: sha512-jxayLKShrEqqzJ0eumQbVhTYQM27CfT1T35+gCgDFoL82JLsXqTJ76zv6A0YLOgEnLUMvLzsDsGIrl8NFpT2gQ==}
    engines: {node: '>= 0.4'}
    dependencies:
      get-intrinsic: 1.2.4
    dev: true

  /es-errors@1.3.0:
    resolution: {integrity: sha512-Zf5H2Kxt2xjTvbJvP2ZWLEICxA6j+hAmMzIlypy4xcBg1vKVnx89Wy0GbS+kf5cwCVFFzdCFh2XSCFNULS6csw==}
    engines: {node: '>= 0.4'}
    dev: true

  /es-get-iterator@1.1.3:
    resolution: {integrity: sha512-sPZmqHBe6JIiTfN5q2pEi//TwxmAFHwj/XEuYjTuse78i8KxaqMTTzxPoFKuzRpDpTJ+0NAbpfenkmH2rePtuw==}
    dependencies:
      call-bind: 1.0.7
      get-intrinsic: 1.2.4
      has-symbols: 1.0.3
      is-arguments: 1.1.1
      is-map: 2.0.2
      is-set: 2.0.2
      is-string: 1.0.7
      isarray: 2.0.5
      stop-iteration-iterator: 1.0.0
    dev: true

  /es-module-lexer@1.4.1:
    resolution: {integrity: sha512-cXLGjP0c4T3flZJKQSuziYoq7MlT+rnvfZjfp7h+I7K9BNX54kP9nyWvdbwjQ4u1iWbOL4u96fgeZLToQlZC7w==}
    dev: true

  /esbuild@0.20.1:
    resolution: {integrity: sha512-OJwEgrpWm/PCMsLVWXKqvcjme3bHNpOgN7Tb6cQnR5n0TPbQx1/Xrn7rqM+wn17bYeT6MGB5sn1Bh5YiGi70nA==}
    engines: {node: '>=12'}
    hasBin: true
    requiresBuild: true
    optionalDependencies:
      '@esbuild/aix-ppc64': 0.20.1
      '@esbuild/android-arm': 0.20.1
      '@esbuild/android-arm64': 0.20.1
      '@esbuild/android-x64': 0.20.1
      '@esbuild/darwin-arm64': 0.20.1
      '@esbuild/darwin-x64': 0.20.1
      '@esbuild/freebsd-arm64': 0.20.1
      '@esbuild/freebsd-x64': 0.20.1
      '@esbuild/linux-arm': 0.20.1
      '@esbuild/linux-arm64': 0.20.1
      '@esbuild/linux-ia32': 0.20.1
      '@esbuild/linux-loong64': 0.20.1
      '@esbuild/linux-mips64el': 0.20.1
      '@esbuild/linux-ppc64': 0.20.1
      '@esbuild/linux-riscv64': 0.20.1
      '@esbuild/linux-s390x': 0.20.1
      '@esbuild/linux-x64': 0.20.1
      '@esbuild/netbsd-x64': 0.20.1
      '@esbuild/openbsd-x64': 0.20.1
      '@esbuild/sunos-x64': 0.20.1
      '@esbuild/win32-arm64': 0.20.1
      '@esbuild/win32-ia32': 0.20.1
      '@esbuild/win32-x64': 0.20.1
    dev: true

  /escape-string-regexp@1.0.5:
    resolution: {integrity: sha512-vbRorB5FUQWvla16U8R/qgaFIya2qGzwDrNmCZuYKrbdSUMG6I1ZCGQRefkRVhuOkIGVne7BQ35DSfo1qvJqFg==}
    engines: {node: '>=0.8.0'}
    requiresBuild: true
    dev: true

  /estree-walker@2.0.2:
    resolution: {integrity: sha512-Rfkk/Mp/DL7JVje3u18FxFujQlTNR2q6QfMSMB7AvCBx91NGj/ba3kCfza0f6dVDbw7YlRf/nDrn7pQrCCyQ/w==}
    dev: true

  /for-each@0.3.3:
    resolution: {integrity: sha512-jqYfLp7mo9vIyQf8ykW2v7A+2N4QjeCeI5+Dz9XraiO1ign81wjiH7Fb9vSOWvQfNtmSa4H2RoQTrrXivdUZmw==}
    dependencies:
      is-callable: 1.2.7
    dev: true

  /fsevents@2.3.3:
    resolution: {integrity: sha512-5xoDfX+fL7faATnagmWPpbFtwh/R77WmMMqqHGS65C3vvB0YHrgF+B1YmZ3441tMj5n63k0212XNoJwzlhffQw==}
    engines: {node: ^8.16.0 || ^10.6.0 || >=11.0.0}
    os: [darwin]
    requiresBuild: true
    dev: true
    optional: true

  /function-bind@1.1.2:
    resolution: {integrity: sha512-7XHNxH7qX9xG5mIwxkhumTox/MIRNcOgDrxWsMt2pAr23WHp6MrRlN7FBSFpCpr+oVO0F744iUgR82nJMfG2SA==}
    dev: true

  /functions-have-names@1.2.3:
    resolution: {integrity: sha512-xckBUXyTIqT97tq2x2AMb+g163b5JFysYk0x4qxNFwbfQkmNZoiRHb6sPzI9/QV33WeuvVYBUIiD4NzNIyqaRQ==}
    dev: true

  /get-intrinsic@1.2.4:
    resolution: {integrity: sha512-5uYhsJH8VJBTv7oslg4BznJYhDoRI6waYCxMmCdnTrcCrHA/fCFKoTFz2JKKE0HdDFUF7/oQuhzumXJK7paBRQ==}
    engines: {node: '>= 0.4'}
    dependencies:
      es-errors: 1.3.0
      function-bind: 1.1.2
      has-proto: 1.0.3
      has-symbols: 1.0.3
      hasown: 2.0.1
    dev: true

  /get-tsconfig@4.7.2:
    resolution: {integrity: sha512-wuMsz4leaj5hbGgg4IvDU0bqJagpftG5l5cXIAvo8uZrqn0NJqwtfupTN00VnkQJPcIRrxYrm1Ue24btpCha2A==}
    dependencies:
      resolve-pkg-maps: 1.0.0
    dev: true

  /gopd@1.0.1:
    resolution: {integrity: sha512-d65bNlIadxvpb/A2abVdlqKqV563juRnZ1Wtk6s1sIR8uNsXR70xqIzVqxVf1eTqDunwT2MkczEeaezCKTZhwA==}
    dependencies:
      get-intrinsic: 1.2.4
    dev: true

  /has-bigints@1.0.2:
    resolution: {integrity: sha512-tSvCKtBr9lkF0Ex0aQiP9N+OpV4zi2r/Nee5VkRDbaqv35RLYMzbwQfFSZZH0kR+Rd6302UJZ2p/bJCEoR3VoQ==}
    dev: true

  /has-flag@3.0.0:
    resolution: {integrity: sha512-sKJf1+ceQBr4SMkvQnBDNDtf4TXpVhVGateu0t918bl30FnbE2m4vNLX+VWe/dpjlb+HugGYzW7uQXH98HPEYw==}
    engines: {node: '>=4'}
    requiresBuild: true
    dev: true

  /has-flag@4.0.0:
    resolution: {integrity: sha512-EykJT/Q1KjTWctppgIAgfSO0tKVuZUjhgMr17kqTumMl6Afv3EISleU7qZUzoXDFTAHTDC4NOoG/ZxU3EvlMPQ==}
    engines: {node: '>=8'}
    dev: true

  /has-property-descriptors@1.0.2:
    resolution: {integrity: sha512-55JNKuIW+vq4Ke1BjOTjM2YctQIvCT7GFzHwmfZPGo5wnrgkid0YQtnAleFSqumZm4az3n2BS+erby5ipJdgrg==}
    dependencies:
      es-define-property: 1.0.0
    dev: true

  /has-proto@1.0.3:
    resolution: {integrity: sha512-SJ1amZAJUiZS+PhsVLf5tGydlaVB8EdFpaSO4gmiUKUOxk8qzn5AIy4ZeJUmh22znIdk/uMAUT2pl3FxzVUH+Q==}
    engines: {node: '>= 0.4'}
    dev: true

  /has-symbols@1.0.3:
    resolution: {integrity: sha512-l3LCuF6MgDNwTDKkdYGEihYjt5pRPbEg46rtlmnSPlUbgmB8LOIrKJbYYFBSbnPaJexMKtiPO8hmeRjRz2Td+A==}
    engines: {node: '>= 0.4'}
    dev: true

  /has-tostringtag@1.0.2:
    resolution: {integrity: sha512-NqADB8VjPFLM2V0VvHUewwwsw0ZWBaIdgo+ieHtK3hasLz4qeCRjYcqfB6AQrBggRKppKF8L52/VqdVsO47Dlw==}
    engines: {node: '>= 0.4'}
    dependencies:
      has-symbols: 1.0.3
    dev: true

  /hasown@2.0.1:
    resolution: {integrity: sha512-1/th4MHjnwncwXsIW6QMzlvYL9kG5e/CpVvLRZe4XPa8TOUNbCELqmvhDmnkNsAjwaG4+I8gJJL0JBvTTLO9qA==}
    engines: {node: '>= 0.4'}
    dependencies:
      function-bind: 1.1.2
    dev: true

  /indent-string@4.0.0:
    resolution: {integrity: sha512-EdDDZu4A2OyIK7Lr/2zG+w5jmbuk1DVBnEwREQvBzspBJkCEbRa8GxU1lghYcaGJCnRWibjDXlq779X1/y5xwg==}
    engines: {node: '>=8'}
    dev: true

  /internal-slot@1.0.7:
    resolution: {integrity: sha512-NGnrKwXzSms2qUUih/ILZ5JBqNTSa1+ZmP6flaIp6KmSElgE9qdndzS3cqjrDovwFdmwsGsLdeFgB6suw+1e9g==}
    engines: {node: '>= 0.4'}
    dependencies:
      es-errors: 1.3.0
      hasown: 2.0.1
      side-channel: 1.0.5
    dev: true

  /is-arguments@1.1.1:
    resolution: {integrity: sha512-8Q7EARjzEnKpt/PCD7e1cgUS0a6X8u5tdSiMqXhojOdoV9TsMsiO+9VLC5vAmO8N7/GmXn7yjR8qnA6bVAEzfA==}
    engines: {node: '>= 0.4'}
    dependencies:
      call-bind: 1.0.7
      has-tostringtag: 1.0.2
    dev: true

  /is-array-buffer@3.0.4:
    resolution: {integrity: sha512-wcjaerHw0ydZwfhiKbXJWLDY8A7yV7KhjQOpb83hGgGfId/aQa4TOvwyzn2PuswW2gPCYEL/nEAiSVpdOj1lXw==}
    engines: {node: '>= 0.4'}
    dependencies:
      call-bind: 1.0.7
      get-intrinsic: 1.2.4
    dev: true

  /is-bigint@1.0.4:
    resolution: {integrity: sha512-zB9CruMamjym81i2JZ3UMn54PKGsQzsJeo6xvN3HJJ4CAsQNB6iRutp2To77OfCNuoxspsIhzaPoO1zyCEhFOg==}
    dependencies:
      has-bigints: 1.0.2
    dev: true

  /is-boolean-object@1.1.2:
    resolution: {integrity: sha512-gDYaKHJmnj4aWxyj6YHyXVpdQawtVLHU5cb+eztPGczf6cjuTdwve5ZIEfgXqH4e57An1D1AKf8CZ3kYrQRqYA==}
    engines: {node: '>= 0.4'}
    dependencies:
      call-bind: 1.0.7
      has-tostringtag: 1.0.2
    dev: true

  /is-callable@1.2.7:
    resolution: {integrity: sha512-1BC0BVFhS/p0qtw6enp8e+8OD0UrK0oFLztSjNzhcKA3WDuJxxAPXzPuPtKkjEY9UUoEWlX/8fgKeu2S8i9JTA==}
    engines: {node: '>= 0.4'}
    dev: true

  /is-date-object@1.0.5:
    resolution: {integrity: sha512-9YQaSxsAiSwcvS33MBk3wTCVnWK+HhF8VZR2jRxehM16QcVOdHqPn4VPHmRK4lSr38n9JriurInLcP90xsYNfQ==}
    engines: {node: '>= 0.4'}
    dependencies:
      has-tostringtag: 1.0.2
    dev: true

  /is-map@2.0.2:
    resolution: {integrity: sha512-cOZFQQozTha1f4MxLFzlgKYPTyj26picdZTx82hbc/Xf4K/tZOOXSCkMvU4pKioRXGDLJRn0GM7Upe7kR721yg==}
    dev: true

  /is-number-object@1.0.7:
    resolution: {integrity: sha512-k1U0IRzLMo7ZlYIfzRu23Oh6MiIFasgpb9X76eqfFZAqwH44UI4KTBvBYIZ1dSL9ZzChTB9ShHfLkR4pdW5krQ==}
    engines: {node: '>= 0.4'}
    dependencies:
      has-tostringtag: 1.0.2
    dev: true

  /is-regex@1.1.4:
    resolution: {integrity: sha512-kvRdxDsxZjhzUX07ZnLydzS1TU/TJlTUHHY4YLL87e37oUA49DfkLqgy+VjFocowy29cKvcSiu+kIv728jTTVg==}
    engines: {node: '>= 0.4'}
    dependencies:
      call-bind: 1.0.7
      has-tostringtag: 1.0.2
    dev: true

  /is-set@2.0.2:
    resolution: {integrity: sha512-+2cnTEZeY5z/iXGbLhPrOAaK/Mau5k5eXq9j14CpRTftq0pAJu2MwVRSZhyZWBzx3o6X795Lz6Bpb6R0GKf37g==}
    dev: true

  /is-shared-array-buffer@1.0.3:
    resolution: {integrity: sha512-nA2hv5XIhLR3uVzDDfCIknerhx8XUKnstuOERPNNIinXG7v9u+ohXF67vxm4TPTEPU6lm61ZkwP3c9PCB97rhg==}
    engines: {node: '>= 0.4'}
    dependencies:
      call-bind: 1.0.7
    dev: true

  /is-string@1.0.7:
    resolution: {integrity: sha512-tE2UXzivje6ofPW7l23cjDOMa09gb7xlAqG6jG5ej6uPV32TlWP3NKPigtaGeHNu9fohccRYvIiZMfOOnOYUtg==}
    engines: {node: '>= 0.4'}
    dependencies:
      has-tostringtag: 1.0.2
    dev: true

  /is-symbol@1.0.4:
    resolution: {integrity: sha512-C/CPBqKWnvdcxqIARxyOh4v1UUEOCHpgDa0WYgpKDFMszcrPcffg5uhwSgPCLD2WWxmq6isisz87tzT01tuGhg==}
    engines: {node: '>= 0.4'}
    dependencies:
      has-symbols: 1.0.3
    dev: true

  /is-weakmap@2.0.1:
    resolution: {integrity: sha512-NSBR4kH5oVj1Uwvv970ruUkCV7O1mzgVFO4/rev2cLRda9Tm9HrL70ZPut4rOHgY0FNrUu9BCbXA2sdQ+x0chA==}
    dev: true

  /is-weakset@2.0.2:
    resolution: {integrity: sha512-t2yVvttHkQktwnNNmBQ98AhENLdPUTDTE21uPqAQ0ARwQfGeQKRVS0NNurH7bTf7RrvcVn1OOge45CnBeHCSmg==}
    dependencies:
      call-bind: 1.0.7
      get-intrinsic: 1.2.4
    dev: true

  /isarray@2.0.5:
    resolution: {integrity: sha512-xHjhDr3cNBK0BzdUJSPXZntQUx/mwMS5Rw4A7lPJ90XGAO6ISP/ePDNuo0vhqOZU+UD5JoodwCAAoZQd3FeAKw==}
    dev: true

  /js-tokens@4.0.0:
    resolution: {integrity: sha512-RdJUflcE3cUzKiMqQgsCu06FPu9UdIJO0beYbPhHN4k6apgJtifcoCtT9bcxOpYBtpD2kCM6Sbzg4CausW/PKQ==}
    dev: true

  /lodash@4.17.21:
    resolution: {integrity: sha512-v2kDEe57lecTulaDIuNTPy3Ry4gLGJ6Z1O3vE1krgXZNrsQ+LFTGHVxVjcXPs17LhbZVGedAJv8XZ1tvj5FvSg==}
    dev: true

  /loose-envify@1.4.0:
    resolution: {integrity: sha512-lyuxPGr/Wfhrlem2CL/UcnUc1zcqKAImBDzukY7Y5F/yQiNdko6+fRLevlw1HgMySw7f611UIY408EtxRSoK3Q==}
    hasBin: true
    dependencies:
      js-tokens: 4.0.0
    dev: true

  /lz-string@1.5.0:
    resolution: {integrity: sha512-h5bgJWpxJNswbU7qCrV0tIKQCaS3blPDrqKWx+QxzuzL1zGUzij9XCWLrSLsJPu5t+eWA/ycetzYAO5IOMcWAQ==}
    hasBin: true
    dev: true

  /magic-string@0.30.7:
    resolution: {integrity: sha512-8vBuFF/I/+OSLRmdf2wwFCJCz+nSn0m6DPvGH1fS/KiQoSaR+sETbov0eIk9KhEKy8CYqIkIAnbohxT/4H0kuA==}
    engines: {node: '>=12'}
    dependencies:
      '@jridgewell/sourcemap-codec': 1.4.15
    dev: true

  /min-indent@1.0.1:
    resolution: {integrity: sha512-I9jwMn07Sy/IwOj3zVkVik2JTvgpaykDZEigL6Rx6N9LbMywwUSMtxET+7lVoDLLd3O3IXwJwvuuns8UB/HeAg==}
    engines: {node: '>=4'}
    dev: true

  /ms@2.1.2:
    resolution: {integrity: sha512-sGkPx+VjMtmA6MX27oA4FBFELFCZZ4S4XqeGOXCv68tT+jb3vk/RyaKWP0PTKyWtmLSM0b+adUTEvbs1PEaH2w==}
    dev: true

  /object-inspect@1.13.1:
    resolution: {integrity: sha512-5qoj1RUiKOMsCCNLV1CBiPYE10sziTsnmNxkAI/rZhiD63CF7IqdFGC/XzjWjpSgLf0LxXX3bDFIh0E18f6UhQ==}
    dev: true

  /object-is@1.1.6:
    resolution: {integrity: sha512-F8cZ+KfGlSGi09lJT7/Nd6KJZ9ygtvYC0/UYYLI9nmQKLMnydpB9yvbv9K1uSkEu7FU9vYPmVwLg328tX+ot3Q==}
    engines: {node: '>= 0.4'}
    dependencies:
      call-bind: 1.0.7
      define-properties: 1.2.1
    dev: true

  /object-keys@1.1.1:
    resolution: {integrity: sha512-NuAESUOUMrlIXOfHKzD6bpPu3tYt3xvjNdRIQ+FeT0lNb4K8WR70CaDxhuNguS2XG+GjkyMwOzsN5ZktImfhLA==}
    engines: {node: '>= 0.4'}
    dev: true

  /object.assign@4.1.5:
    resolution: {integrity: sha512-byy+U7gp+FVwmyzKPYhW2h5l3crpmGsxl7X2s8y43IgxvG4g3QZ6CffDtsNQy1WsmZpQbO+ybo0AlW7TY6DcBQ==}
    engines: {node: '>= 0.4'}
    dependencies:
      call-bind: 1.0.7
      define-properties: 1.2.1
      has-symbols: 1.0.3
      object-keys: 1.1.1
    dev: true

  /picomatch@2.3.1:
    resolution: {integrity: sha512-JU3teHTNjmE2VCGFzuY8EXzCDVwEqB2a8fsIvwaStHhAWJEeVd1o1QD80CU6+ZdEXXSLbSsuLwJjkCBWqRQUVA==}
    engines: {node: '>=8.6'}
    dev: true

  /possible-typed-array-names@1.0.0:
    resolution: {integrity: sha512-d7Uw+eZoloe0EHDIYoe+bQ5WXnGMOpmiZFTuMWCwpjzzkL2nTjcKiAk4hh8TjnGye2TwWOk3UXucZ+3rbmBa8Q==}
    engines: {node: '>= 0.4'}
    dev: true

  /pretty-format@27.5.1:
    resolution: {integrity: sha512-Qb1gy5OrP5+zDf2Bvnzdl3jsTf1qXVMazbvCoKhtKqVs4/YK4ozX4gKQJJVyNe+cajNPn0KoC0MC3FUmaHWEmQ==}
    engines: {node: ^10.13.0 || ^12.13.0 || ^14.15.0 || >=15.0.0}
    dependencies:
      ansi-regex: 5.0.1
      ansi-styles: 5.2.0
      react-is: 17.0.2
    dev: true

  /react-dom@18.2.0(react@18.2.0):
    resolution: {integrity: sha512-6IMTriUmvsjHUjNtEDudZfuDQUoWXVxKHhlEGSk81n4YFS+r/Kl99wXiwlVXtPBtJenozv2P+hxDsw9eA7Xo6g==}
    peerDependencies:
      react: ^18.2.0
    dependencies:
      loose-envify: 1.4.0
      react: 18.2.0
      scheduler: 0.23.0
    dev: true

  /react-is@17.0.2:
    resolution: {integrity: sha512-w2GsyukL62IJnlaff/nRegPQR94C/XXamvMWmSHRJ4y7Ts/4ocGRmTHvOs8PSE6pB3dWOrD/nueuU5sduBsQ4w==}
    dev: true

  /react@18.2.0:
    resolution: {integrity: sha512-/3IjMdb2L9QbBdWiW5e3P2/npwMBaU9mHCSCUzNln0ZCYbcfTsGbTJrU/kGemdH2IWmB2ioZ+zkxtmq6g09fGQ==}
    engines: {node: '>=0.10.0'}
    dependencies:
      loose-envify: 1.4.0
    dev: true

  /redent@3.0.0:
    resolution: {integrity: sha512-6tDA8g98We0zd0GvVeMT9arEOnTw9qM03L9cJXaCjrip1OO764RDBLBfrB4cwzNGDj5OA5ioymC9GkizgWJDUg==}
    engines: {node: '>=8'}
    dependencies:
      indent-string: 4.0.0
      strip-indent: 3.0.0
    dev: true

  /regenerator-runtime@0.14.1:
    resolution: {integrity: sha512-dYnhHh0nJoMfnkZs6GmmhFknAGRrLznOu5nc9ML+EJxGvrx6H7teuevqVqCuPcPK//3eDrrjQhehXVx9cnkGdw==}
    dev: true

  /regexp.prototype.flags@1.5.2:
    resolution: {integrity: sha512-NcDiDkTLuPR+++OCKB0nWafEmhg/Da8aUPLPMQbK+bxKKCm1/S5he+AqYa4PlMCVBalb4/yxIRub6qkEx5yJbw==}
    engines: {node: '>= 0.4'}
    dependencies:
      call-bind: 1.0.7
      define-properties: 1.2.1
      es-errors: 1.3.0
      set-function-name: 2.0.2
    dev: true

  /resolve-pkg-maps@1.0.0:
    resolution: {integrity: sha512-seS2Tj26TBVOC2NIc2rOe2y2ZO7efxITtLZcGSOnHHNOQ7CkiUBfw0Iw2ck6xkIhPwLhKNLS8BO+hEpngQlqzw==}
    dev: true

  /rollup-plugin-dts@6.1.0(rollup@4.12.0)(typescript@5.3.3):
    resolution: {integrity: sha512-ijSCPICkRMDKDLBK9torss07+8dl9UpY9z1N/zTeA1cIqdzMlpkV3MOOC7zukyvQfDyxa1s3Dl2+DeiP/G6DOw==}
    engines: {node: '>=16'}
    peerDependencies:
      rollup: ^3.29.4 || ^4
      typescript: ^4.5 || ^5.0
    dependencies:
      magic-string: 0.30.7
      rollup: 4.12.0
      typescript: 5.3.3
    optionalDependencies:
      '@babel/code-frame': 7.23.5
    dev: true

  /rollup-plugin-esbuild@6.1.1(esbuild@0.20.1)(rollup@4.12.0):
    resolution: {integrity: sha512-CehMY9FAqJD5OUaE/Mi1r5z0kNeYxItmRO2zG4Qnv2qWKF09J2lTy5GUzjJR354ZPrLkCj4fiBN41lo8PzBUhw==}
    engines: {node: '>=14.18.0'}
    peerDependencies:
      esbuild: '>=0.18.0'
      rollup: ^1.20.0 || ^2.0.0 || ^3.0.0 || ^4.0.0
    dependencies:
      '@rollup/pluginutils': 5.1.0(rollup@4.12.0)
      debug: 4.3.4
      es-module-lexer: 1.4.1
      esbuild: 0.20.1
      get-tsconfig: 4.7.2
      rollup: 4.12.0
    transitivePeerDependencies:
      - supports-color
    dev: true

  /rollup@4.12.0:
    resolution: {integrity: sha512-wz66wn4t1OHIJw3+XU7mJJQV/2NAfw5OAk6G6Hoo3zcvz/XOfQ52Vgi+AN4Uxoxi0KBBwk2g8zPrTDA4btSB/Q==}
    engines: {node: '>=18.0.0', npm: '>=8.0.0'}
    hasBin: true
    dependencies:
      '@types/estree': 1.0.5
    optionalDependencies:
      '@rollup/rollup-android-arm-eabi': 4.12.0
      '@rollup/rollup-android-arm64': 4.12.0
      '@rollup/rollup-darwin-arm64': 4.12.0
      '@rollup/rollup-darwin-x64': 4.12.0
      '@rollup/rollup-linux-arm-gnueabihf': 4.12.0
      '@rollup/rollup-linux-arm64-gnu': 4.12.0
      '@rollup/rollup-linux-arm64-musl': 4.12.0
      '@rollup/rollup-linux-riscv64-gnu': 4.12.0
      '@rollup/rollup-linux-x64-gnu': 4.12.0
      '@rollup/rollup-linux-x64-musl': 4.12.0
      '@rollup/rollup-win32-arm64-msvc': 4.12.0
      '@rollup/rollup-win32-ia32-msvc': 4.12.0
      '@rollup/rollup-win32-x64-msvc': 4.12.0
      fsevents: 2.3.3
    dev: true

  /scheduler@0.23.0:
    resolution: {integrity: sha512-CtuThmgHNg7zIZWAXi3AsyIzA3n4xx7aNyjwC2VJldO2LMVDhFK+63xGqq6CsJH4rTAt6/M+N4GhZiDYPx9eUw==}
    dependencies:
      loose-envify: 1.4.0
    dev: true

  /set-function-length@1.2.1:
    resolution: {integrity: sha512-j4t6ccc+VsKwYHso+kElc5neZpjtq9EnRICFZtWyBsLojhmeF/ZBd/elqm22WJh/BziDe/SBiOeAt0m2mfLD0g==}
    engines: {node: '>= 0.4'}
    dependencies:
      define-data-property: 1.1.4
      es-errors: 1.3.0
      function-bind: 1.1.2
      get-intrinsic: 1.2.4
      gopd: 1.0.1
      has-property-descriptors: 1.0.2
    dev: true

  /set-function-name@2.0.2:
    resolution: {integrity: sha512-7PGFlmtwsEADb0WYyvCMa1t+yke6daIG4Wirafur5kcf+MhUnPms1UeR0CKQdTZD81yESwMHbtn+TR+dMviakQ==}
    engines: {node: '>= 0.4'}
    dependencies:
      define-data-property: 1.1.4
      es-errors: 1.3.0
      functions-have-names: 1.2.3
      has-property-descriptors: 1.0.2
    dev: true

  /side-channel@1.0.5:
    resolution: {integrity: sha512-QcgiIWV4WV7qWExbN5llt6frQB/lBven9pqliLXfGPB+K9ZYXxDozp0wLkHS24kWCm+6YXH/f0HhnObZnZOBnQ==}
    engines: {node: '>= 0.4'}
    dependencies:
      call-bind: 1.0.7
      es-errors: 1.3.0
      get-intrinsic: 1.2.4
      object-inspect: 1.13.1
    dev: true

  /stop-iteration-iterator@1.0.0:
    resolution: {integrity: sha512-iCGQj+0l0HOdZ2AEeBADlsRC+vsnDsZsbdSiH1yNSjcfKM7fdpCMfqAL/dwF5BLiw/XhRft/Wax6zQbhq2BcjQ==}
    engines: {node: '>= 0.4'}
    dependencies:
      internal-slot: 1.0.7
    dev: true

  /strip-indent@3.0.0:
    resolution: {integrity: sha512-laJTa3Jb+VQpaC6DseHhF7dXVqHTfJPCRDaEbid/drOhgitgYku/letMUqOXFoWV0zIIUbjpdH2t+tYj4bQMRQ==}
    engines: {node: '>=8'}
    dependencies:
      min-indent: 1.0.1
    dev: true

  /supports-color@5.5.0:
    resolution: {integrity: sha512-QjVjwdXIt408MIiAqCX4oUKsgU2EqAGzs2Ppkm4aQYbjm+ZEWEcW4SfFNTr4uMNZma0ey4f5lgLrkB0aX0QMow==}
    engines: {node: '>=4'}
    requiresBuild: true
    dependencies:
      has-flag: 3.0.0
    dev: true

  /supports-color@7.2.0:
    resolution: {integrity: sha512-qpCAvRl9stuOHveKsn7HncJRvv501qIacKzQlO/+Lwxc9+0q2wLyv4Dfvt80/DPn2pqOBsJdDiogXGR9+OvwRw==}
    engines: {node: '>=8'}
    dependencies:
      has-flag: 4.0.0
    dev: true

  /typescript@5.3.3:
    resolution: {integrity: sha512-pXWcraxM0uxAS+tN0AG/BF2TyqmHO014Z070UsJ+pFvYuRSq8KH8DmWpnbXe0pEPDHXZV3FcAbJkijJ5oNEnWw==}
    engines: {node: '>=14.17'}
    hasBin: true
    dev: true

  /which-boxed-primitive@1.0.2:
    resolution: {integrity: sha512-bwZdv0AKLpplFY2KZRX6TvyuN7ojjr7lwkg6ml0roIy9YeuSr7JS372qlNW18UQYzgYK9ziGcerWqZOmEn9VNg==}
    dependencies:
      is-bigint: 1.0.4
      is-boolean-object: 1.1.2
      is-number-object: 1.0.7
      is-string: 1.0.7
      is-symbol: 1.0.4
    dev: true

  /which-collection@1.0.1:
    resolution: {integrity: sha512-W8xeTUwaln8i3K/cY1nGXzdnVZlidBcagyNFtBdD5kxnb4TvGKR7FfSIS3mYpwWS1QUCutfKz8IY8RjftB0+1A==}
    dependencies:
      is-map: 2.0.2
      is-set: 2.0.2
      is-weakmap: 2.0.1
      is-weakset: 2.0.2
    dev: true

  /which-typed-array@1.1.14:
    resolution: {integrity: sha512-VnXFiIW8yNn9kIHN88xvZ4yOWchftKDsRJ8fEPacX/wl1lOvBrhsJ/OeJCXq7B0AaijRuqgzSKalJoPk+D8MPg==}
    engines: {node: '>= 0.4'}
    dependencies:
      available-typed-arrays: 1.0.7
      call-bind: 1.0.7
      for-each: 0.3.3
      gopd: 1.0.1
      has-tostringtag: 1.0.2
    dev: true
